schema: '2.0'
stages:
  process_data:
    cmd: python ./src/data/process_data.py  ./data/raw/movies_metadata.csv
    deps:
    - path: ./data/raw/movies_metadata.csv
      hash: md5
      md5: 42bf3ef8c208a01a4776955875978b1e
      size: 34445126
    - path: ./src/data/process_data.py
      hash: md5
      md5: 3d2fc2af3f09cc4c5da23cbea2ce7ff9
      size: 1773
    params:
      params.yaml:
        data.processed_data_file: movies_metadata_processed.csv
        data.processed_data_path: data/processed
        data.raw_data_file: movies_metadata.csv
        data.raw_data_path: data/raw
  build_features:
    cmd: python ./src/features/build_features.py 
      ./data/processed/movies_metadata_processed.csv
    deps:
    - path: ./data/processed/movies_metadata_processed.csv
      hash: md5
      md5: 235c18521480691cc512400659c0eb25
      size: 19905546
    - path: ./src/features/build_features.py
      hash: md5
      md5: 83f004dc71feeaf8facfe3aef6c2cf16
      size: 1898
    params:
      params.yaml:
        data.features_data_file: features_data.csv
        data.processed_data_file: movies_metadata_processed.csv
        data.processed_data_path: data/processed
  train_model:
    cmd: python ./src/models/train_model.py ./data/processed/features_data.csv
    deps:
    - path: ./data/processed/features_data.csv
      hash: md5
      md5: e4239b2d210cd4a2544f4ea2e37f2cfa
      size: 12529104
    - path: ./src/models/train_model.py
      hash: md5
      md5: b8da44aeee27a2365ecb2308282e57ba
      size: 2161
    params:
      params.yaml:
        data.features_data_file: features_data.csv
        data.processed_data_path: data/processed
        parameters.model.n_features: 50000
        parameters.model.n_grams:
        - 1
        - 2
    outs:
    - path: ./models/df.joblib
      hash: md5
      md5: 996327535ad579bdf9fd81e4deeb0ab9
      size: 13800070
    - path: ./models/indices.joblib
      hash: md5
      md5: 7a0c6b95d1268be40a185eb320c8380f
      size: 2299113
    - path: ./models/tfidf_matrix.joblib
      hash: md5
      md5: 73479c57c719a23f2783df34119c3177
      size: 20722939
  predict:
    cmd: python ./src/models/predict_model.py ./data/processed/features_data.csv
    deps:
    - path: ./data/processed/features_data.csv
      hash: md5
      md5: e4239b2d210cd4a2544f4ea2e37f2cfa
      size: 12529104
    - path: ./src/models/predict_model.py
      hash: md5
      md5: a844012f07e139623871b94b12284807
      size: 4344
    params:
      params.yaml:
        data.features_data_file: features_data.csv
        data.processed_data_path: data/processed
        predict.movie_title: The Godfather
        predict.n_recommendations: 10
